
Microsoft Visual Studio Solution File, Format Version 12.00
# Visual Studio Version 17
VisualStudioVersion = 17.0.31903.59
MinimumVisualStudioVersion = 10.0.40219.1
Project("{FAE04EC0-301F-11D3-BF4B-00C04F79EFBC}") = "API", "API\API.csproj", "{3EAEF42D-403D-4691-8F1A-5FBB0D1F986C}"
EndProject
Project("{FAE04EC0-301F-11D3-BF4B-00C04F79EFBC}") = "Core", "Core\Core.csproj", "{072AAADF-1C63-45CB-A5AC-1F9F15ADDBCC}"
EndProject
Project("{FAE04EC0-301F-11D3-BF4B-00C04F79EFBC}") = "Infrastructure", "Infrastructure\Infrastructure.csproj", "{683A2D0A-EDDD-4322-9322-276ED8CB167A}"
EndProject
Global
	GlobalSection(SolutionConfigurationPlatforms) = preSolution
		Debug|Any CPU = Debug|Any CPU
		Release|Any CPU = Release|Any CPU
	EndGlobalSection
	GlobalSection(SolutionProperties) = preSolution
		HideSolutionNode = FALSE
	EndGlobalSection
	GlobalSection(ProjectConfigurationPlatforms) = postSolution
		{3EAEF42D-403D-4691-8F1A-5FBB0D1F986C}.Debug|Any CPU.ActiveCfg = Debug|Any CPU
		{3EAEF42D-403D-4691-8F1A-5FBB0D1F986C}.Debug|Any CPU.Build.0 = Debug|Any CPU
		{3EAEF42D-403D-4691-8F1A-5FBB0D1F986C}.Release|Any CPU.ActiveCfg = Release|Any CPU
		{3EAEF42D-403D-4691-8F1A-5FBB0D1F986C}.Release|Any CPU.Build.0 = Release|Any CPU
		{072AAADF-1C63-45CB-A5AC-1F9F15ADDBCC}.Debug|Any CPU.ActiveCfg = Debug|Any CPU
		{072AAADF-1C63-45CB-A5AC-1F9F15ADDBCC}.Debug|Any CPU.Build.0 = Debug|Any CPU
		{072AAADF-1C63-45CB-A5AC-1F9F15ADDBCC}.Release|Any CPU.ActiveCfg = Release|Any CPU
		{072AAADF-1C63-45CB-A5AC-1F9F15ADDBCC}.Release|Any CPU.Build.0 = Release|Any CPU
		{683A2D0A-EDDD-4322-9322-276ED8CB167A}.Debug|Any CPU.ActiveCfg = Debug|Any CPU
		{683A2D0A-EDDD-4322-9322-276ED8CB167A}.Debug|Any CPU.Build.0 = Debug|Any CPU
		{683A2D0A-EDDD-4322-9322-276ED8CB167A}.Release|Any CPU.ActiveCfg = Release|Any CPU
		{683A2D0A-EDDD-4322-9322-276ED8CB167A}.Release|Any CPU.Build.0 = Release|Any CPU
	EndGlobalSection
EndGlobal
